
Microsoft Visual Studio Solution File, Format Version 12.00
# Visual Studio Version 17
VisualStudioVersion = 17.14.37012.4
MinimumVisualStudioVersion = 10.0.40219.1
Project("{2150E333-8FDC-42A3-9474-1A3956D46DE8}") = "src", "src", "{827E0CD3-B72D-47B6-A68D-7590B98EB39B}"
EndProject
Project("{2150E333-8FDC-42A3-9474-1A3956D46DE8}") = "ApiGateway", "ApiGateway", "{FCA01246-F2C6-0AA7-D43F-FD13BE0B9D88}"
EndProject
Project("{FAE04EC0-301F-11D3-BF4B-00C04F79EFBC}") = "Gateway.API", "src\ApiGateway\Gateway.API\Gateway.API.csproj", "{F45ADDE3-6FB0-419F-ABDF-FD7FD5E9E17B}"
EndProject
Project("{2150E333-8FDC-42A3-9474-1A3956D46DE8}") = "Services", "Services", "{984BB9B3-3FA3-BE33-9484-CAC21695A33C}"
EndProject
Project("{2150E333-8FDC-42A3-9474-1A3956D46DE8}") = "AuthService", "AuthService", "{B0ED8887-1092-5A1A-EC04-2B6B0F6E9C33}"
EndProject
Project("{FAE04EC0-301F-11D3-BF4B-00C04F79EFBC}") = "Auth.API", "src\Services\AuthService\Auth.API\Auth.API.csproj", "{F4213DF1-D85D-45AB-892E-FFB67FA3C9BE}"
EndProject
Project("{FAE04EC0-301F-11D3-BF4B-00C04F79EFBC}") = "Auth.Application", "src\Services\AuthService\Auth.Application\Auth.Application.csproj", "{3C38CAF1-EF49-41E3-B95A-2E7BC623E746}"
EndProject
Project("{FAE04EC0-301F-11D3-BF4B-00C04F79EFBC}") = "Auth.Domain", "src\Services\AuthService\Auth.Domain\Auth.Domain.csproj", "{762CEB9E-3142-4DAF-A353-E43E835D4C0C}"
EndProject
Project("{FAE04EC0-301F-11D3-BF4B-00C04F79EFBC}") = "Auth.Infrastructure", "src\Services\AuthService\Auth.Infrastructure\Auth.Infrastructure.csproj", "{B88BFA55-4C42-4A04-B88E-E68EF5DA23E1}"
EndProject
Project("{2150E333-8FDC-42A3-9474-1A3956D46DE8}") = "ChatService", "ChatService", "{9978821B-3D5E-79D0-881F-A74D9BA834CF}"
EndProject
Project("{FAE04EC0-301F-11D3-BF4B-00C04F79EFBC}") = "Chat.API", "src\Services\ChatService\Chat.API\Chat.API.csproj", "{7693E2F2-3A27-4EA0-86A0-82B7560C0434}"
EndProject
Project("{FAE04EC0-301F-11D3-BF4B-00C04F79EFBC}") = "Chat.Application", "src\Services\ChatService\Chat.Application\Chat.Application.csproj", "{CA89E9C2-D32F-4EEC-A33B-3CC2BDC5826E}"
EndProject
Project("{FAE04EC0-301F-11D3-BF4B-00C04F79EFBC}") = "Chat.Infrastructure", "src\Services\ChatService\Chat.Infrastructure\Chat.Infrastructure.csproj", "{B54BA3CD-8CBA-49CD-AADD-E13CA913C938}"
EndProject
Project("{FAE04EC0-301F-11D3-BF4B-00C04F79EFBC}") = "Chat.Domain", "src\Services\ChatService\Chat.Domain\Chat.Domain.csproj", "{49FD2803-B683-4579-82B9-BCB2053BED21}"
EndProject
Project("{2150E333-8FDC-42A3-9474-1A3956D46DE8}") = "NotificationService", "NotificationService", "{47931FAB-DBE1-FD8F-0AFF-2CD4B99C52C4}"
EndProject
Project("{FAE04EC0-301F-11D3-BF4B-00C04F79EFBC}") = "Notification.API", "src\Services\NotificationService\Notification.API\Notification.API.csproj", "{7F7934F3-7043-4CC6-BCC9-0812E1794791}"
EndProject
Project("{FAE04EC0-301F-11D3-BF4B-00C04F79EFBC}") = "Notification.Application", "src\Services\NotificationService\Notification.Application\Notification.Application.csproj", "{7A9CDF19-CDC6-428C-9A51-C41AEF8BBF82}"
EndProject
Project("{FAE04EC0-301F-11D3-BF4B-00C04F79EFBC}") = "Notification.Domain", "src\Services\NotificationService\Notification.Domain\Notification.Domain.csproj", "{45089B4F-F47A-4567-ADCA-36EBC449891B}"
EndProject
Project("{FAE04EC0-301F-11D3-BF4B-00C04F79EFBC}") = "Notification.Infrastructure", "src\Services\NotificationService\Notification.Infrastructure\Notification.Infrastructure.csproj", "{6625708B-1116-4439-9BE1-AB9EFE8A5BF0}"
EndProject
Project("{2150E333-8FDC-42A3-9474-1A3956D46DE8}") = "PrivateChatService", "PrivateChatService", "{1E76FAEE-F7BC-249C-8296-2E016E009BEA}"
EndProject
Project("{FAE04EC0-301F-11D3-BF4B-00C04F79EFBC}") = "PrivateChat.API", "src\Services\PrivateChatService\PrivateChat.API\PrivateChat.API.csproj", "{23B52524-8EA0-44E9-A878-D6BA648F0156}"
EndProject
Project("{FAE04EC0-301F-11D3-BF4B-00C04F79EFBC}") = "PrivateChat.Application", "src\Services\PrivateChatService\PrivateChat.Application\PrivateChat.Application.csproj", "{7006F1A4-4BFA-4E24-82E7-D35CEE3B9C54}"
EndProject
Project("{FAE04EC0-301F-11D3-BF4B-00C04F79EFBC}") = "PrivateChat.Domain", "src\Services\PrivateChatService\PrivateChat.Domain\PrivateChat.Domain.csproj", "{021D7FD2-C7CA-4E61-B67E-36F048841046}"
EndProject
Project("{FAE04EC0-301F-11D3-BF4B-00C04F79EFBC}") = "PrivateChat.Infrastructure", "src\Services\PrivateChatService\PrivateChat.Infrastructure\PrivateChat.Infrastructure.csproj", "{7893C82D-402A-444D-A565-AC82592FAA01}"
EndProject
Project("{2150E333-8FDC-42A3-9474-1A3956D46DE8}") = "PollService", "PollService", "{FAFA48A5-FFD6-700C-7B02-CACB7AABF89F}"
EndProject
Project("{FAE04EC0-301F-11D3-BF4B-00C04F79EFBC}") = "Poll.API", "src\Services\PollService\Poll.API\Poll.API.csproj", "{7EA79762-42D1-4BAB-8251-F35C045F5499}"
EndProject
Project("{FAE04EC0-301F-11D3-BF4B-00C04F79EFBC}") = "Poll.Application", "src\Services\PollService\Poll.Application\Poll.Application.csproj", "{D7B30DB7-F9B2-49A9-82FD-CF3670DA55CA}"
EndProject
Project("{FAE04EC0-301F-11D3-BF4B-00C04F79EFBC}") = "Poll.Domain", "src\Services\PollService\Poll.Domain\Poll.Domain.csproj", "{F1D3E98B-B1C4-45D8-961A-DB198344A57D}"
EndProject
Project("{FAE04EC0-301F-11D3-BF4B-00C04F79EFBC}") = "Poll.Infrastructure", "src\Services\PollService\Poll.Infrastructure\Poll.Infrastructure.csproj", "{E14CA53F-76C7-43D4-88AA-2D0CFE655541}"
EndProject
Global
	GlobalSection(SolutionConfigurationPlatforms) = preSolution
		Debug|Any CPU = Debug|Any CPU
		Debug|x64 = Debug|x64
		Debug|x86 = Debug|x86
		Release|Any CPU = Release|Any CPU
		Release|x64 = Release|x64
		Release|x86 = Release|x86
	EndGlobalSection
	GlobalSection(ProjectConfigurationPlatforms) = postSolution
		{F45ADDE3-6FB0-419F-ABDF-FD7FD5E9E17B}.Debug|Any CPU.ActiveCfg = Debug|Any CPU
		{F45ADDE3-6FB0-419F-ABDF-FD7FD5E9E17B}.Debug|Any CPU.Build.0 = Debug|Any CPU
		{F45ADDE3-6FB0-419F-ABDF-FD7FD5E9E17B}.Debug|x64.ActiveCfg = Debug|Any CPU
		{F45ADDE3-6FB0-419F-ABDF-FD7FD5E9E17B}.Debug|x64.Build.0 = Debug|Any CPU
		{F45ADDE3-6FB0-419F-ABDF-FD7FD5E9E17B}.Debug|x86.ActiveCfg = Debug|Any CPU
		{F45ADDE3-6FB0-419F-ABDF-FD7FD5E9E17B}.Debug|x86.Build.0 = Debug|Any CPU
		{F45ADDE3-6FB0-419F-ABDF-FD7FD5E9E17B}.Release|Any CPU.ActiveCfg = Release|Any CPU
		{F45ADDE3-6FB0-419F-ABDF-FD7FD5E9E17B}.Release|Any CPU.Build.0 = Release|Any CPU
		{F45ADDE3-6FB0-419F-ABDF-FD7FD5E9E17B}.Release|x64.ActiveCfg = Release|Any CPU
		{F45ADDE3-6FB0-419F-ABDF-FD7FD5E9E17B}.Release|x64.Build.0 = Release|Any CPU
		{F45ADDE3-6FB0-419F-ABDF-FD7FD5E9E17B}.Release|x86.ActiveCfg = Release|Any CPU
		{F45ADDE3-6FB0-419F-ABDF-FD7FD5E9E17B}.Release|x86.Build.0 = Release|Any CPU
		{F4213DF1-D85D-45AB-892E-FFB67FA3C9BE}.Debug|Any CPU.ActiveCfg = Debug|Any CPU
		{F4213DF1-D85D-45AB-892E-FFB67FA3C9BE}.Debug|Any CPU.Build.0 = Debug|Any CPU
		{F4213DF1-D85D-45AB-892E-FFB67FA3C9BE}.Debug|x64.ActiveCfg = Debug|Any CPU
		{F4213DF1-D85D-45AB-892E-FFB67FA3C9BE}.Debug|x64.Build.0 = Debug|Any CPU
		{F4213DF1-D85D-45AB-892E-FFB67FA3C9BE}.Debug|x86.ActiveCfg = Debug|Any CPU
		{F4213DF1-D85D-45AB-892E-FFB67FA3C9BE}.Debug|x86.Build.0 = Debug|Any CPU
		{F4213DF1-D85D-45AB-892E-FFB67FA3C9BE}.Release|Any CPU.ActiveCfg = Release|Any CPU
		{F4213DF1-D85D-45AB-892E-FFB67FA3C9BE}.Release|Any CPU.Build.0 = Release|Any CPU
		{F4213DF1-D85D-45AB-892E-FFB67FA3C9BE}.Release|x64.ActiveCfg = Release|Any CPU
		{F4213DF1-D85D-45AB-892E-FFB67FA3C9BE}.Release|x64.Build.0 = Release|Any CPU
		{F4213DF1-D85D-45AB-892E-FFB67FA3C9BE}.Release|x86.ActiveCfg = Release|Any CPU
		{F4213DF1-D85D-45AB-892E-FFB67FA3C9BE}.Release|x86.Build.0 = Release|Any CPU
		{3C38CAF1-EF49-41E3-B95A-2E7BC623E746}.Debug|Any CPU.ActiveCfg = Debug|Any CPU
		{3C38CAF1-EF49-41E3-B95A-2E7BC623E746}.Debug|Any CPU.Build.0 = Debug|Any CPU
		{3C38CAF1-EF49-41E3-B95A-2E7BC623E746}.Debug|x64.ActiveCfg = Debug|Any CPU
		{3C38CAF1-EF49-41E3-B95A-2E7BC623E746}.Debug|x64.Build.0 = Debug|Any CPU
		{3C38CAF1-EF49-41E3-B95A-2E7BC623E746}.Debug|x86.ActiveCfg = Debug|Any CPU
		{3C38CAF1-EF49-41E3-B95A-2E7BC623E746}.Debug|x86.Build.0 = Debug|Any CPU
		{3C38CAF1-EF49-41E3-B95A-2E7BC623E746}.Release|Any CPU.ActiveCfg = Release|Any CPU
		{3C38CAF1-EF49-41E3-B95A-2E7BC623E746}.Release|Any CPU.Build.0 = Release|Any CPU
		{3C38CAF1-EF49-41E3-B95A-2E7BC623E746}.Release|x64.ActiveCfg = Release|Any CPU
		{3C38CAF1-EF49-41E3-B95A-2E7BC623E746}.Release|x64.Build.0 = Release|Any CPU
		{3C38CAF1-EF49-41E3-B95A-2E7BC623E746}.Release|x86.ActiveCfg = Release|Any CPU
		{3C38CAF1-EF49-41E3-B95A-2E7BC623E746}.Release|x86.Build.0 = Release|Any CPU
		{762CEB9E-3142-4DAF-A353-E43E835D4C0C}.Debug|Any CPU.ActiveCfg = Debug|Any CPU
		{762CEB9E-3142-4DAF-A353-E43E835D4C0C}.Debug|Any CPU.Build.0 = Debug|Any CPU
		{762CEB9E-3142-4DAF-A353-E43E835D4C0C}.Debug|x64.ActiveCfg = Debug|Any CPU
		{762CEB9E-3142-4DAF-A353-E43E835D4C0C}.Debug|x64.Build.0 = Debug|Any CPU
		{762CEB9E-3142-4DAF-A353-E43E835D4C0C}.Debug|x86.ActiveCfg = Debug|Any CPU
		{762CEB9E-3142-4DAF-A353-E43E835D4C0C}.Debug|x86.Build.0 = Debug|Any CPU
		{762CEB9E-3142-4DAF-A353-E43E835D4C0C}.Release|Any CPU.ActiveCfg = Release|Any CPU
		{762CEB9E-3142-4DAF-A353-E43E835D4C0C}.Release|Any CPU.Build.0 = Release|Any CPU
		{762CEB9E-3142-4DAF-A353-E43E835D4C0C}.Release|x64.ActiveCfg = Release|Any CPU
		{762CEB9E-3142-4DAF-A353-E43E835D4C0C}.Release|x64.Build.0 = Release|Any CPU
		{762CEB9E-3142-4DAF-A353-E43E835D4C0C}.Release|x86.ActiveCfg = Release|Any CPU
		{762CEB9E-3142-4DAF-A353-E43E835D4C0C}.Release|x86.Build.0 = Release|Any CPU
		{B88BFA55-4C42-4A04-B88E-E68EF5DA23E1}.Debug|Any CPU.ActiveCfg = Debug|Any CPU
		{B88BFA55-4C42-4A04-B88E-E68EF5DA23E1}.Debug|Any CPU.Build.0 = Debug|Any CPU
		{B88BFA55-4C42-4A04-B88E-E68EF5DA23E1}.Debug|x64.ActiveCfg = Debug|Any CPU
		{B88BFA55-4C42-4A04-B88E-E68EF5DA23E1}.Debug|x64.Build.0 = Debug|Any CPU
		{B88BFA55-4C42-4A04-B88E-E68EF5DA23E1}.Debug|x86.ActiveCfg = Debug|Any CPU
		{B88BFA55-4C42-4A04-B88E-E68EF5DA23E1}.Debug|x86.Build.0 = Debug|Any CPU
		{B88BFA55-4C42-4A04-B88E-E68EF5DA23E1}.Release|Any CPU.ActiveCfg = Release|Any CPU
		{B88BFA55-4C42-4A04-B88E-E68EF5DA23E1}.Release|Any CPU.Build.0 = Release|Any CPU
		{B88BFA55-4C42-4A04-B88E-E68EF5DA23E1}.Release|x64.ActiveCfg = Release|Any CPU
		{B88BFA55-4C42-4A04-B88E-E68EF5DA23E1}.Release|x64.Build.0 = Release|Any CPU
		{B88BFA55-4C42-4A04-B88E-E68EF5DA23E1}.Release|x86.ActiveCfg = Release|Any CPU
		{B88BFA55-4C42-4A04-B88E-E68EF5DA23E1}.Release|x86.Build.0 = Release|Any CPU
		{7693E2F2-3A27-4EA0-86A0-82B7560C0434}.Debug|Any CPU.ActiveCfg = Debug|Any CPU
		{7693E2F2-3A27-4EA0-86A0-82B7560C0434}.Debug|Any CPU.Build.0 = Debug|Any CPU
		{7693E2F2-3A27-4EA0-86A0-82B7560C0434}.Debug|x64.ActiveCfg = Debug|Any CPU
		{7693E2F2-3A27-4EA0-86A0-82B7560C0434}.Debug|x64.Build.0 = Debug|Any CPU
		{7693E2F2-3A27-4EA0-86A0-82B7560C0434}.Debug|x86.ActiveCfg = Debug|Any CPU
		{7693E2F2-3A27-4EA0-86A0-82B7560C0434}.Debug|x86.Build.0 = Debug|Any CPU
		{7693E2F2-3A27-4EA0-86A0-82B7560C0434}.Release|Any CPU.ActiveCfg = Release|Any CPU
		{7693E2F2-3A27-4EA0-86A0-82B7560C0434}.Release|Any CPU.Build.0 = Release|Any CPU
		{7693E2F2-3A27-4EA0-86A0-82B7560C0434}.Release|x64.ActiveCfg = Release|Any CPU
		{7693E2F2-3A27-4EA0-86A0-82B7560C0434}.Release|x64.Build.0 = Release|Any CPU
		{7693E2F2-3A27-4EA0-86A0-82B7560C0434}.Release|x86.ActiveCfg = Release|Any CPU
		{7693E2F2-3A27-4EA0-86A0-82B7560C0434}.Release|x86.Build.0 = Release|Any CPU
		{CA89E9C2-D32F-4EEC-A33B-3CC2BDC5826E}.Debug|Any CPU.ActiveCfg = Debug|Any CPU
		{CA89E9C2-D32F-4EEC-A33B-3CC2BDC5826E}.Debug|Any CPU.Build.0 = Debug|Any CPU
		{CA89E9C2-D32F-4EEC-A33B-3CC2BDC5826E}.Debug|x64.ActiveCfg = Debug|Any CPU
		{CA89E9C2-D32F-4EEC-A33B-3CC2BDC5826E}.Debug|x64.Build.0 = Debug|Any CPU
		{CA89E9C2-D32F-4EEC-A33B-3CC2BDC5826E}.Debug|x86.ActiveCfg = Debug|Any CPU
		{CA89E9C2-D32F-4EEC-A33B-3CC2BDC5826E}.Debug|x86.Build.0 = Debug|Any CPU
		{CA89E9C2-D32F-4EEC-A33B-3CC2BDC5826E}.Release|Any CPU.ActiveCfg = Release|Any CPU
		{CA89E9C2-D32F-4EEC-A33B-3CC2BDC5826E}.Release|Any CPU.Build.0 = Release|Any CPU
		{CA89E9C2-D32F-4EEC-A33B-3CC2BDC5826E}.Release|x64.ActiveCfg = Release|Any CPU
		{CA89E9C2-D32F-4EEC-A33B-3CC2BDC5826E}.Release|x64.Build.0 = Release|Any CPU
		{CA89E9C2-D32F-4EEC-A33B-3CC2BDC5826E}.Release|x86.ActiveCfg = Release|Any CPU
		{CA89E9C2-D32F-4EEC-A33B-3CC2BDC5826E}.Release|x86.Build.0 = Release|Any CPU
		{B54BA3CD-8CBA-49CD-AADD-E13CA913C938}.Debug|Any CPU.ActiveCfg = Debug|Any CPU
		{B54BA3CD-8CBA-49CD-AADD-E13CA913C938}.Debug|Any CPU.Build.0 = Debug|Any CPU
		{B54BA3CD-8CBA-49CD-AADD-E13CA913C938}.Debug|x64.ActiveCfg = Debug|Any CPU
		{B54BA3CD-8CBA-49CD-AADD-E13CA913C938}.Debug|x64.Build.0 = Debug|Any CPU
		{B54BA3CD-8CBA-49CD-AADD-E13CA913C938}.Debug|x86.ActiveCfg = Debug|Any CPU
		{B54BA3CD-8CBA-49CD-AADD-E13CA913C938}.Debug|x86.Build.0 = Debug|Any CPU
		{B54BA3CD-8CBA-49CD-AADD-E13CA913C938}.Release|Any CPU.ActiveCfg = Release|Any CPU
		{B54BA3CD-8CBA-49CD-AADD-E13CA913C938}.Release|Any CPU.Build.0 = Release|Any CPU
		{B54BA3CD-8CBA-49CD-AADD-E13CA913C938}.Release|x64.ActiveCfg = Release|Any CPU
		{B54BA3CD-8CBA-49CD-AADD-E13CA913C938}.Release|x64.Build.0 = Release|Any CPU
		{B54BA3CD-8CBA-49CD-AADD-E13CA913C938}.Release|x86.ActiveCfg = Release|Any CPU
		{B54BA3CD-8CBA-49CD-AADD-E13CA913C938}.Release|x86.Build.0 = Release|Any CPU
		{49FD2803-B683-4579-82B9-BCB2053BED21}.Debug|Any CPU.ActiveCfg = Debug|Any CPU
		{49FD2803-B683-4579-82B9-BCB2053BED21}.Debug|Any CPU.Build.0 = Debug|Any CPU
		{49FD2803-B683-4579-82B9-BCB2053BED21}.Debug|x64.ActiveCfg = Debug|Any CPU
		{49FD2803-B683-4579-82B9-BCB2053BED21}.Debug|x64.Build.0 = Debug|Any CPU
		{49FD2803-B683-4579-82B9-BCB2053BED21}.Debug|x86.ActiveCfg = Debug|Any CPU
		{49FD2803-B683-4579-82B9-BCB2053BED21}.Debug|x86.Build.0 = Debug|Any CPU
		{49FD2803-B683-4579-82B9-BCB2053BED21}.Release|Any CPU.ActiveCfg = Release|Any CPU
		{49FD2803-B683-4579-82B9-BCB2053BED21}.Release|Any CPU.Build.0 = Release|Any CPU
		{49FD2803-B683-4579-82B9-BCB2053BED21}.Release|x64.ActiveCfg = Release|Any CPU
		{49FD2803-B683-4579-82B9-BCB2053BED21}.Release|x64.Build.0 = Release|Any CPU
		{49FD2803-B683-4579-82B9-BCB2053BED21}.Release|x86.ActiveCfg = Release|Any CPU
		{49FD2803-B683-4579-82B9-BCB2053BED21}.Release|x86.Build.0 = Release|Any CPU
		{7F7934F3-7043-4CC6-BCC9-0812E1794791}.Debug|Any CPU.ActiveCfg = Debug|Any CPU
		{7F7934F3-7043-4CC6-BCC9-0812E1794791}.Debug|Any CPU.Build.0 = Debug|Any CPU
		{7F7934F3-7043-4CC6-BCC9-0812E1794791}.Debug|x64.ActiveCfg = Debug|Any CPU
		{7F7934F3-7043-4CC6-BCC9-0812E1794791}.Debug|x64.Build.0 = Debug|Any CPU
		{7F7934F3-7043-4CC6-BCC9-0812E1794791}.Debug|x86.ActiveCfg = Debug|Any CPU
		{7F7934F3-7043-4CC6-BCC9-0812E1794791}.Debug|x86.Build.0 = Debug|Any CPU
		{7F7934F3-7043-4CC6-BCC9-0812E1794791}.Release|Any CPU.ActiveCfg = Release|Any CPU
		{7F7934F3-7043-4CC6-BCC9-0812E1794791}.Release|Any CPU.Build.0 = Release|Any CPU
		{7F7934F3-7043-4CC6-BCC9-0812E1794791}.Release|x64.ActiveCfg = Release|Any CPU
		{7F7934F3-7043-4CC6-BCC9-0812E1794791}.Release|x64.Build.0 = Release|Any CPU
		{7F7934F3-7043-4CC6-BCC9-0812E1794791}.Release|x86.ActiveCfg = Release|Any CPU
		{7F7934F3-7043-4CC6-BCC9-0812E1794791}.Release|x86.Build.0 = Release|Any CPU
		{7A9CDF19-CDC6-428C-9A51-C41AEF8BBF82}.Debug|Any CPU.ActiveCfg = Debug|Any CPU
		{7A9CDF19-CDC6-428C-9A51-C41AEF8BBF82}.Debug|Any CPU.Build.0 = Debug|Any CPU
		{7A9CDF19-CDC6-428C-9A51-C41AEF8BBF82}.Debug|x64.ActiveCfg = Debug|Any CPU
		{7A9CDF19-CDC6-428C-9A51-C41AEF8BBF82}.Debug|x64.Build.0 = Debug|Any CPU
		{7A9CDF19-CDC6-428C-9A51-C41AEF8BBF82}.Debug|x86.ActiveCfg = Debug|Any CPU
		{7A9CDF19-CDC6-428C-9A51-C41AEF8BBF82}.Debug|x86.Build.0 = Debug|Any CPU
		{7A9CDF19-CDC6-428C-9A51-C41AEF8BBF82}.Release|Any CPU.ActiveCfg = Release|Any CPU
		{7A9CDF19-CDC6-428C-9A51-C41AEF8BBF82}.Release|Any CPU.Build.0 = Release|Any CPU
		{7A9CDF19-CDC6-428C-9A51-C41AEF8BBF82}.Release|x64.ActiveCfg = Release|Any CPU
		{7A9CDF19-CDC6-428C-9A51-C41AEF8BBF82}.Release|x64.Build.0 = Release|Any CPU
		{7A9CDF19-CDC6-428C-9A51-C41AEF8BBF82}.Release|x86.ActiveCfg = Release|Any CPU
		{7A9CDF19-CDC6-428C-9A51-C41AEF8BBF82}.Release|x86.Build.0 = Release|Any CPU
		{45089B4F-F47A-4567-ADCA-36EBC449891B}.Debug|Any CPU.ActiveCfg = Debug|Any CPU
		{45089B4F-F47A-4567-ADCA-36EBC449891B}.Debug|Any CPU.Build.0 = Debug|Any CPU
		{45089B4F-F47A-4567-ADCA-36EBC449891B}.Debug|x64.ActiveCfg = Debug|Any CPU
		{45089B4F-F47A-4567-ADCA-36EBC449891B}.Debug|x64.Build.0 = Debug|Any CPU
		{45089B4F-F47A-4567-ADCA-36EBC449891B}.Debug|x86.ActiveCfg = Debug|Any CPU
		{45089B4F-F47A-4567-ADCA-36EBC449891B}.Debug|x86.Build.0 = Debug|Any CPU
		{45089B4F-F47A-4567-ADCA-36EBC449891B}.Release|Any CPU.ActiveCfg = Release|Any CPU
		{45089B4F-F47A-4567-ADCA-36EBC449891B}.Release|Any CPU.Build.0 = Release|Any CPU
		{45089B4F-F47A-4567-ADCA-36EBC449891B}.Release|x64.ActiveCfg = Release|Any CPU
		{45089B4F-F47A-4567-ADCA-36EBC449891B}.Release|x64.Build.0 = Release|Any CPU
		{45089B4F-F47A-4567-ADCA-36EBC449891B}.Release|x86.ActiveCfg = Release|Any CPU
		{45089B4F-F47A-4567-ADCA-36EBC449891B}.Release|x86.Build.0 = Release|Any CPU
		{6625708B-1116-4439-9BE1-AB9EFE8A5BF0}.Debug|Any CPU.ActiveCfg = Debug|Any CPU
		{6625708B-1116-4439-9BE1-AB9EFE8A5BF0}.Debug|Any CPU.Build.0 = Debug|Any CPU
		{6625708B-1116-4439-9BE1-AB9EFE8A5BF0}.Debug|x64.ActiveCfg = Debug|Any CPU
		{6625708B-1116-4439-9BE1-AB9EFE8A5BF0}.Debug|x64.Build.0 = Debug|Any CPU
		{6625708B-1116-4439-9BE1-AB9EFE8A5BF0}.Debug|x86.ActiveCfg = Debug|Any CPU
		{6625708B-1116-4439-9BE1-AB9EFE8A5BF0}.Debug|x86.Build.0 = Debug|Any CPU
		{6625708B-1116-4439-9BE1-AB9EFE8A5BF0}.Release|Any CPU.ActiveCfg = Release|Any CPU
		{6625708B-1116-4439-9BE1-AB9EFE8A5BF0}.Release|Any CPU.Build.0 = Release|Any CPU
		{6625708B-1116-4439-9BE1-AB9EFE8A5BF0}.Release|x64.ActiveCfg = Release|Any CPU
		{6625708B-1116-4439-9BE1-AB9EFE8A5BF0}.Release|x64.Build.0 = Release|Any CPU
		{6625708B-1116-4439-9BE1-AB9EFE8A5BF0}.Release|x86.ActiveCfg = Release|Any CPU
		{6625708B-1116-4439-9BE1-AB9EFE8A5BF0}.Release|x86.Build.0 = Release|Any CPU
		{23B52524-8EA0-44E9-A878-D6BA648F0156}.Debug|Any CPU.ActiveCfg = Debug|Any CPU
		{23B52524-8EA0-44E9-A878-D6BA648F0156}.Debug|Any CPU.Build.0 = Debug|Any CPU
		{23B52524-8EA0-44E9-A878-D6BA648F0156}.Debug|x64.ActiveCfg = Debug|Any CPU
		{23B52524-8EA0-44E9-A878-D6BA648F0156}.Debug|x64.Build.0 = Debug|Any CPU
		{23B52524-8EA0-44E9-A878-D6BA648F0156}.Debug|x86.ActiveCfg = Debug|Any CPU
		{23B52524-8EA0-44E9-A878-D6BA648F0156}.Debug|x86.Build.0 = Debug|Any CPU
		{23B52524-8EA0-44E9-A878-D6BA648F0156}.Release|Any CPU.ActiveCfg = Release|Any CPU
		{23B52524-8EA0-44E9-A878-D6BA648F0156}.Release|Any CPU.Build.0 = Release|Any CPU
		{23B52524-8EA0-44E9-A878-D6BA648F0156}.Release|x64.ActiveCfg = Release|Any CPU
		{23B52524-8EA0-44E9-A878-D6BA648F0156}.Release|x64.Build.0 = Release|Any CPU
		{23B52524-8EA0-44E9-A878-D6BA648F0156}.Release|x86.ActiveCfg = Release|Any CPU
		{23B52524-8EA0-44E9-A878-D6BA648F0156}.Release|x86.Build.0 = Release|Any CPU
		{7006F1A4-4BFA-4E24-82E7-D35CEE3B9C54}.Debug|Any CPU.ActiveCfg = Debug|Any CPU
		{7006F1A4-4BFA-4E24-82E7-D35CEE3B9C54}.Debug|Any CPU.Build.0 = Debug|Any CPU
		{7006F1A4-4BFA-4E24-82E7-D35CEE3B9C54}.Debug|x64.ActiveCfg = Debug|Any CPU
		{7006F1A4-4BFA-4E24-82E7-D35CEE3B9C54}.Debug|x64.Build.0 = Debug|Any CPU
		{7006F1A4-4BFA-4E24-82E7-D35CEE3B9C54}.Debug|x86.ActiveCfg = Debug|Any CPU
		{7006F1A4-4BFA-4E24-82E7-D35CEE3B9C54}.Debug|x86.Build.0 = Debug|Any CPU
		{7006F1A4-4BFA-4E24-82E7-D35CEE3B9C54}.Release|Any CPU.ActiveCfg = Release|Any CPU
		{7006F1A4-4BFA-4E24-82E7-D35CEE3B9C54}.Release|Any CPU.Build.0 = Release|Any CPU
		{7006F1A4-4BFA-4E24-82E7-D35CEE3B9C54}.Release|x64.ActiveCfg = Release|Any CPU
		{7006F1A4-4BFA-4E24-82E7-D35CEE3B9C54}.Release|x64.Build.0 = Release|Any CPU
		{7006F1A4-4BFA-4E24-82E7-D35CEE3B9C54}.Release|x86.ActiveCfg = Release|Any CPU
		{7006F1A4-4BFA-4E24-82E7-D35CEE3B9C54}.Release|x86.Build.0 = Release|Any CPU
		{021D7FD2-C7CA-4E61-B67E-36F048841046}.Debug|Any CPU.ActiveCfg = Debug|Any CPU
		{021D7FD2-C7CA-4E61-B67E-36F048841046}.Debug|Any CPU.Build.0 = Debug|Any CPU
		{021D7FD2-C7CA-4E61-B67E-36F048841046}.Debug|x64.ActiveCfg = Debug|Any CPU
		{021D7FD2-C7CA-4E61-B67E-36F048841046}.Debug|x64.Build.0 = Debug|Any CPU
		{021D7FD2-C7CA-4E61-B67E-36F048841046}.Debug|x86.ActiveCfg = Debug|Any CPU
		{021D7FD2-C7CA-4E61-B67E-36F048841046}.Debug|x86.Build.0 = Debug|Any CPU
		{021D7FD2-C7CA-4E61-B67E-36F048841046}.Release|Any CPU.ActiveCfg = Release|Any CPU
		{021D7FD2-C7CA-4E61-B67E-36F048841046}.Release|Any CPU.Build.0 = Release|Any CPU
		{021D7FD2-C7CA-4E61-B67E-36F048841046}.Release|x64.ActiveCfg = Release|Any CPU
		{021D7FD2-C7CA-4E61-B67E-36F048841046}.Release|x64.Build.0 = Release|Any CPU
		{021D7FD2-C7CA-4E61-B67E-36F048841046}.Release|x86.ActiveCfg = Release|Any CPU
		{021D7FD2-C7CA-4E61-B67E-36F048841046}.Release|x86.Build.0 = Release|Any CPU
		{7893C82D-402A-444D-A565-AC82592FAA01}.Debug|Any CPU.ActiveCfg = Debug|Any CPU
		{7893C82D-402A-444D-A565-AC82592FAA01}.Debug|Any CPU.Build.0 = Debug|Any CPU
		{7893C82D-402A-444D-A565-AC82592FAA01}.Debug|x64.ActiveCfg = Debug|Any CPU
		{7893C82D-402A-444D-A565-AC82592FAA01}.Debug|x64.Build.0 = Debug|Any CPU
		{7893C82D-402A-444D-A565-AC82592FAA01}.Debug|x86.ActiveCfg = Debug|Any CPU
		{7893C82D-402A-444D-A565-AC82592FAA01}.Debug|x86.Build.0 = Debug|Any CPU
		{7893C82D-402A-444D-A565-AC82592FAA01}.Release|Any CPU.ActiveCfg = Release|Any CPU
		{7893C82D-402A-444D-A565-AC82592FAA01}.Release|Any CPU.Build.0 = Release|Any CPU
		{7893C82D-402A-444D-A565-AC82592FAA01}.Release|x64.ActiveCfg = Release|Any CPU
		{7893C82D-402A-444D-A565-AC82592FAA01}.Release|x64.Build.0 = Release|Any CPU
		{7893C82D-402A-444D-A565-AC82592FAA01}.Release|x86.ActiveCfg = Release|Any CPU
		{7893C82D-402A-444D-A565-AC82592FAA01}.Release|x86.Build.0 = Release|Any CPU
		{7EA79762-42D1-4BAB-8251-F35C045F5499}.Debug|Any CPU.ActiveCfg = Debug|Any CPU
		{7EA79762-42D1-4BAB-8251-F35C045F5499}.Debug|Any CPU.Build.0 = Debug|Any CPU
		{7EA79762-42D1-4BAB-8251-F35C045F5499}.Debug|x64.ActiveCfg = Debug|Any CPU
		{7EA79762-42D1-4BAB-8251-F35C045F5499}.Debug|x64.Build.0 = Debug|Any CPU
		{7EA79762-42D1-4BAB-8251-F35C045F5499}.Debug|x86.ActiveCfg = Debug|Any CPU
		{7EA79762-42D1-4BAB-8251-F35C045F5499}.Debug|x86.Build.0 = Debug|Any CPU
		{7EA79762-42D1-4BAB-8251-F35C045F5499}.Release|Any CPU.ActiveCfg = Release|Any CPU
		{7EA79762-42D1-4BAB-8251-F35C045F5499}.Release|Any CPU.Build.0 = Release|Any CPU
		{7EA79762-42D1-4BAB-8251-F35C045F5499}.Release|x64.ActiveCfg = Release|Any CPU
		{7EA79762-42D1-4BAB-8251-F35C045F5499}.Release|x64.Build.0 = Release|Any CPU
		{7EA79762-42D1-4BAB-8251-F35C045F5499}.Release|x86.ActiveCfg = Release|Any CPU
		{7EA79762-42D1-4BAB-8251-F35C045F5499}.Release|x86.Build.0 = Release|Any CPU
		{D7B30DB7-F9B2-49A9-82FD-CF3670DA55CA}.Debug|Any CPU.ActiveCfg = Debug|Any CPU
		{D7B30DB7-F9B2-49A9-82FD-CF3670DA55CA}.Debug|Any CPU.Build.0 = Debug|Any CPU
		{D7B30DB7-F9B2-49A9-82FD-CF3670DA55CA}.Debug|x64.ActiveCfg = Debug|Any CPU
		{D7B30DB7-F9B2-49A9-82FD-CF3670DA55CA}.Debug|x64.Build.0 = Debug|Any CPU
		{D7B30DB7-F9B2-49A9-82FD-CF3670DA55CA}.Debug|x86.ActiveCfg = Debug|Any CPU
		{D7B30DB7-F9B2-49A9-82FD-CF3670DA55CA}.Debug|x86.Build.0 = Debug|Any CPU
		{D7B30DB7-F9B2-49A9-82FD-CF3670DA55CA}.Release|Any CPU.ActiveCfg = Release|Any CPU
		{D7B30DB7-F9B2-49A9-82FD-CF3670DA55CA}.Release|Any CPU.Build.0 = Release|Any CPU
		{D7B30DB7-F9B2-49A9-82FD-CF3670DA55CA}.Release|x64.ActiveCfg = Release|Any CPU
		{D7B30DB7-F9B2-49A9-82FD-CF3670DA55CA}.Release|x64.Build.0 = Release|Any CPU
		{D7B30DB7-F9B2-49A9-82FD-CF3670DA55CA}.Release|x86.ActiveCfg = Release|Any CPU
		{D7B30DB7-F9B2-49A9-82FD-CF3670DA55CA}.Release|x86.Build.0 = Release|Any CPU
		{F1D3E98B-B1C4-45D8-961A-DB198344A57D}.Debug|Any CPU.ActiveCfg = Debug|Any CPU
		{F1D3E98B-B1C4-45D8-961A-DB198344A57D}.Debug|Any CPU.Build.0 = Debug|Any CPU
		{F1D3E98B-B1C4-45D8-961A-DB198344A57D}.Debug|x64.ActiveCfg = Debug|Any CPU
		{F1D3E98B-B1C4-45D8-961A-DB198344A57D}.Debug|x64.Build.0 = Debug|Any CPU
		{F1D3E98B-B1C4-45D8-961A-DB198344A57D}.Debug|x86.ActiveCfg = Debug|Any CPU
		{F1D3E98B-B1C4-45D8-961A-DB198344A57D}.Debug|x86.Build.0 = Debug|Any CPU
		{F1D3E98B-B1C4-45D8-961A-DB198344A57D}.Release|Any CPU.ActiveCfg = Release|Any CPU
		{F1D3E98B-B1C4-45D8-961A-DB198344A57D}.Release|Any CPU.Build.0 = Release|Any CPU
		{F1D3E98B-B1C4-45D8-961A-DB198344A57D}.Release|x64.ActiveCfg = Release|Any CPU
		{F1D3E98B-B1C4-45D8-961A-DB198344A57D}.Release|x64.Build.0 = Release|Any CPU
		{F1D3E98B-B1C4-45D8-961A-DB198344A57D}.Release|x86.ActiveCfg = Release|Any CPU
		{F1D3E98B-B1C4-45D8-961A-DB198344A57D}.Release|x86.Build.0 = Release|Any CPU
		{E14CA53F-76C7-43D4-88AA-2D0CFE655541}.Debug|Any CPU.ActiveCfg = Debug|Any CPU
		{E14CA53F-76C7-43D4-88AA-2D0CFE655541}.Debug|Any CPU.Build.0 = Debug|Any CPU
		{E14CA53F-76C7-43D4-88AA-2D0CFE655541}.Debug|x64.ActiveCfg = Debug|Any CPU
		{E14CA53F-76C7-43D4-88AA-2D0CFE655541}.Debug|x64.Build.0 = Debug|Any CPU
		{E14CA53F-76C7-43D4-88AA-2D0CFE655541}.Debug|x86.ActiveCfg = Debug|Any CPU
		{E14CA53F-76C7-43D4-88AA-2D0CFE655541}.Debug|x86.Build.0 = Debug|Any CPU
		{E14CA53F-76C7-43D4-88AA-2D0CFE655541}.Release|Any CPU.ActiveCfg = Release|Any CPU
		{E14CA53F-76C7-43D4-88AA-2D0CFE655541}.Release|Any CPU.Build.0 = Release|Any CPU
		{E14CA53F-76C7-43D4-88AA-2D0CFE655541}.Release|x64.ActiveCfg = Release|Any CPU
		{E14CA53F-76C7-43D4-88AA-2D0CFE655541}.Release|x64.Build.0 = Release|Any CPU
		{E14CA53F-76C7-43D4-88AA-2D0CFE655541}.Release|x86.ActiveCfg = Release|Any CPU
		{E14CA53F-76C7-43D4-88AA-2D0CFE655541}.Release|x86.Build.0 = Release|Any CPU
	EndGlobalSection
	GlobalSection(SolutionProperties) = preSolution
		HideSolutionNode = FALSE
	EndGlobalSection
	GlobalSection(NestedProjects) = preSolution
		{FCA01246-F2C6-0AA7-D43F-FD13BE0B9D88} = {827E0CD3-B72D-47B6-A68D-7590B98EB39B}
		{F45ADDE3-6FB0-419F-ABDF-FD7FD5E9E17B} = {FCA01246-F2C6-0AA7-D43F-FD13BE0B9D88}
		{984BB9B3-3FA3-BE33-9484-CAC21695A33C} = {827E0CD3-B72D-47B6-A68D-7590B98EB39B}
		{B0ED8887-1092-5A1A-EC04-2B6B0F6E9C33} = {984BB9B3-3FA3-BE33-9484-CAC21695A33C}
		{F4213DF1-D85D-45AB-892E-FFB67FA3C9BE} = {B0ED8887-1092-5A1A-EC04-2B6B0F6E9C33}
		{3C38CAF1-EF49-41E3-B95A-2E7BC623E746} = {B0ED8887-1092-5A1A-EC04-2B6B0F6E9C33}
		{762CEB9E-3142-4DAF-A353-E43E835D4C0C} = {B0ED8887-1092-5A1A-EC04-2B6B0F6E9C33}
		{B88BFA55-4C42-4A04-B88E-E68EF5DA23E1} = {B0ED8887-1092-5A1A-EC04-2B6B0F6E9C33}
		{9978821B-3D5E-79D0-881F-A74D9BA834CF} = {984BB9B3-3FA3-BE33-9484-CAC21695A33C}
		{7693E2F2-3A27-4EA0-86A0-82B7560C0434} = {9978821B-3D5E-79D0-881F-A74D9BA834CF}
		{CA89E9C2-D32F-4EEC-A33B-3CC2BDC5826E} = {9978821B-3D5E-79D0-881F-A74D9BA834CF}
		{B54BA3CD-8CBA-49CD-AADD-E13CA913C938} = {9978821B-3D5E-79D0-881F-A74D9BA834CF}
		{49FD2803-B683-4579-82B9-BCB2053BED21} = {9978821B-3D5E-79D0-881F-A74D9BA834CF}
		{47931FAB-DBE1-FD8F-0AFF-2CD4B99C52C4} = {984BB9B3-3FA3-BE33-9484-CAC21695A33C}
		{7F7934F3-7043-4CC6-BCC9-0812E1794791} = {47931FAB-DBE1-FD8F-0AFF-2CD4B99C52C4}
		{7A9CDF19-CDC6-428C-9A51-C41AEF8BBF82} = {47931FAB-DBE1-FD8F-0AFF-2CD4B99C52C4}
		{45089B4F-F47A-4567-ADCA-36EBC449891B} = {47931FAB-DBE1-FD8F-0AFF-2CD4B99C52C4}
		{6625708B-1116-4439-9BE1-AB9EFE8A5BF0} = {47931FAB-DBE1-FD8F-0AFF-2CD4B99C52C4}
		{1E76FAEE-F7BC-249C-8296-2E016E009BEA} = {984BB9B3-3FA3-BE33-9484-CAC21695A33C}
		{23B52524-8EA0-44E9-A878-D6BA648F0156} = {1E76FAEE-F7BC-249C-8296-2E016E009BEA}
		{7006F1A4-4BFA-4E24-82E7-D35CEE3B9C54} = {1E76FAEE-F7BC-249C-8296-2E016E009BEA}
		{021D7FD2-C7CA-4E61-B67E-36F048841046} = {1E76FAEE-F7BC-249C-8296-2E016E009BEA}
		{7893C82D-402A-444D-A565-AC82592FAA01} = {1E76FAEE-F7BC-249C-8296-2E016E009BEA}
		{FAFA48A5-FFD6-700C-7B02-CACB7AABF89F} = {984BB9B3-3FA3-BE33-9484-CAC21695A33C}
		{7EA79762-42D1-4BAB-8251-F35C045F5499} = {FAFA48A5-FFD6-700C-7B02-CACB7AABF89F}
		{D7B30DB7-F9B2-49A9-82FD-CF3670DA55CA} = {FAFA48A5-FFD6-700C-7B02-CACB7AABF89F}
		{F1D3E98B-B1C4-45D8-961A-DB198344A57D} = {FAFA48A5-FFD6-700C-7B02-CACB7AABF89F}
		{E14CA53F-76C7-43D4-88AA-2D0CFE655541} = {FAFA48A5-FFD6-700C-7B02-CACB7AABF89F}
	EndGlobalSection
	GlobalSection(ExtensibilityGlobals) = postSolution
		SolutionGuid = {BBA365A7-E4BF-42C4-8E85-5E68E0DA921D}
	EndGlobalSection
EndGlobal
