Microsoft Visual Studio Solution File, Format Version 12.00
# Visual Studio Version 17
VisualStudioVersion = 17.14.0.0
MinimumVisualStudioVersion = 10.0.40219.1
Project("{2150E333-8FDC-42A3-9474-1A3956D46DE8}") = "Gateway", "Gateway", "{73DB20E6-41D5-5098-BBBE-76FA7446245C}"
EndProject
Project("{2150E333-8FDC-42A3-9474-1A3956D46DE8}") = "Services", "Services", "{1EC64550-75B2-5EB4-88E9-2CAAB9B5674C}"
EndProject
Project("{2150E333-8FDC-42A3-9474-1A3956D46DE8}") = "Shared", "Shared", "{C94AEB80-F6B5-5EBD-AA61-6FCD4F92A075}"
EndProject
Project("{2150E333-8FDC-42A3-9474-1A3956D46DE8}") = "AdminService", "AdminService", "{7A0A4CA4-49E6-5B5B-AE91-71A50F4A4CDB}"
EndProject
Project("{2150E333-8FDC-42A3-9474-1A3956D46DE8}") = "AuthService", "AuthService", "{B91CE51D-EE50-596E-8886-4C4E529F5D36}"
EndProject
Project("{2150E333-8FDC-42A3-9474-1A3956D46DE8}") = "ChatService", "ChatService", "{36D3C29A-E9C6-5DA4-B820-EE8E6D567504}"
EndProject
Project("{2150E333-8FDC-42A3-9474-1A3956D46DE8}") = "NotificationService", "NotificationService", "{11A0DACD-2399-55BE-BDC1-3D6A807B82C5}"
EndProject
Project("{2150E333-8FDC-42A3-9474-1A3956D46DE8}") = "PollService", "PollService", "{25F4AB63-BDFC-5A40-A913-DA7425C5B677}"
EndProject
Project("{2150E333-8FDC-42A3-9474-1A3956D46DE8}") = "PrivateChatService", "PrivateChatService", "{21BDCF7E-B180-5EBF-8E84-9C077B744324}"
EndProject
Project("{9A19103F-16F7-4668-BE54-9A1E7A4F7556}") = "Gateway.API", "Gateway\Gateway.API\Gateway.API.csproj", "{CA5D1085-AF82-5A66-B453-7BCA49DFF8FE}"
EndProject
Project("{9A19103F-16F7-4668-BE54-9A1E7A4F7556}") = "Admin.API", "Services\AdminService\Admin.API\Admin.API.csproj", "{E1B1423D-8230-5D2B-B7DF-2B0BE330AEFD}"
EndProject
Project("{9A19103F-16F7-4668-BE54-9A1E7A4F7556}") = "Admin.Application", "Services\AdminService\Admin.Application\Admin.Application.csproj", "{17DBED8F-7921-5CC2-B823-1497640693CB}"
EndProject
Project("{9A19103F-16F7-4668-BE54-9A1E7A4F7556}") = "Admin.Domain", "Services\AdminService\Admin.Domain\Admin.Domain.csproj", "{A0D51AD4-FF6D-50F4-AFDF-ED9FF9BA71F1}"
EndProject
Project("{9A19103F-16F7-4668-BE54-9A1E7A4F7556}") = "Admin.Infrastructure", "Services\AdminService\Admin.Infrastructure\Admin.Infrastructure.csproj", "{5E49BCA0-BE35-5416-85FD-23C43FA66ED6}"
EndProject
Project("{9A19103F-16F7-4668-BE54-9A1E7A4F7556}") = "Auth.API", "Services\AuthService\Auth.API\Auth.API.csproj", "{741D024C-B68A-52D7-AF59-97AC56CC712E}"
EndProject
Project("{9A19103F-16F7-4668-BE54-9A1E7A4F7556}") = "Auth.Application", "Services\AuthService\Auth.Application\Auth.Application.csproj", "{0E317DE5-1E83-53E9-B5FD-73E462E84003}"
EndProject
Project("{9A19103F-16F7-4668-BE54-9A1E7A4F7556}") = "Auth.Domain", "Services\AuthService\Auth.Domain\Auth.Domain.csproj", "{ABE80AFD-4917-5EB2-A7B2-F4613DFA78C6}"
EndProject
Project("{9A19103F-16F7-4668-BE54-9A1E7A4F7556}") = "Auth.Infrastructure", "Services\AuthService\Auth.Infrastructure\Auth.Infrastructure.csproj", "{C9C26A95-435B-5E63-921C-C131213CCC44}"
EndProject
Project("{9A19103F-16F7-4668-BE54-9A1E7A4F7556}") = "Chat.API", "Services\ChatService\Chat.API\Chat.API.csproj", "{E2F93689-E123-547E-9AE4-17452D9EEBCF}"
EndProject
Project("{9A19103F-16F7-4668-BE54-9A1E7A4F7556}") = "Chat.Application", "Services\ChatService\Chat.Application\Chat.Application.csproj", "{BC6BA4C4-8217-51ED-8282-D11FED78DC70}"
EndProject
Project("{9A19103F-16F7-4668-BE54-9A1E7A4F7556}") = "Chat.Domain", "Services\ChatService\Chat.Domain\Chat.Domain.csproj", "{9CFEC011-1171-5F83-BFEA-6848245CC19F}"
EndProject
Project("{9A19103F-16F7-4668-BE54-9A1E7A4F7556}") = "Chat.Infrastructure", "Services\ChatService\Chat.Infrastructure\Chat.Infrastructure.csproj", "{54944E81-D97F-5A40-AA48-55F5816F02E0}"
EndProject
Project("{9A19103F-16F7-4668-BE54-9A1E7A4F7556}") = "Notification.API", "Services\NotificationService\Notification.API\Notification.API.csproj", "{A9CF6DFB-80B4-50BD-835B-EEE296D7B647}"
EndProject
Project("{9A19103F-16F7-4668-BE54-9A1E7A4F7556}") = "Notification.Application", "Services\NotificationService\Notification.Application\Notification.Application.csproj", "{043D7326-F9C8-5364-A7C7-C3BB366362E6}"
EndProject
Project("{9A19103F-16F7-4668-BE54-9A1E7A4F7556}") = "Notification.Domain", "Services\NotificationService\Notification.Domain\Notification.Domain.csproj", "{A212E9CC-7DD0-52CB-A29E-908BDD9ACDC3}"
EndProject
Project("{9A19103F-16F7-4668-BE54-9A1E7A4F7556}") = "Notification.Infrastructure", "Services\NotificationService\Notification.Infrastructure\Notification.Infrastructure.csproj", "{1E249F46-32D1-54A0-8B25-29A443AA1C33}"
EndProject
Project("{9A19103F-16F7-4668-BE54-9A1E7A4F7556}") = "Poll.API", "Services\PollService\Poll.API\Poll.API.csproj", "{994E09F7-AF8C-5330-B3FB-63FF6879F595}"
EndProject
Project("{9A19103F-16F7-4668-BE54-9A1E7A4F7556}") = "Poll.Application", "Services\PollService\Poll.Application\Poll.Application.csproj", "{4EB9FE1C-1499-524C-B1D1-4D715E1427F1}"
EndProject
Project("{9A19103F-16F7-4668-BE54-9A1E7A4F7556}") = "Poll.Domain", "Services\PollService\Poll.Domain\Poll.Domain.csproj", "{79719FC2-C6EC-5ABE-8A5E-5BEBDC2EF6DB}"
EndProject
Project("{9A19103F-16F7-4668-BE54-9A1E7A4F7556}") = "Poll.Infrastructure", "Services\PollService\Poll.Infrastructure\Poll.Infrastructure.csproj", "{85336BB3-DBB8-5DB1-A213-BBD1427DA625}"
EndProject
Project("{9A19103F-16F7-4668-BE54-9A1E7A4F7556}") = "PrivateChat.API", "Services\PrivateChatService\PrivateChat.API\PrivateChat.API.csproj", "{FE0405A9-40BE-50B5-9DFE-8C231249908F}"
EndProject
Project("{9A19103F-16F7-4668-BE54-9A1E7A4F7556}") = "PrivateChat.Application", "Services\PrivateChatService\PrivateChat.Application\PrivateChat.Application.csproj", "{C1B1AD3B-AC59-5270-92D8-C6D57632E752}"
EndProject
Project("{9A19103F-16F7-4668-BE54-9A1E7A4F7556}") = "PrivateChat.Domain", "Services\PrivateChatService\PrivateChat.Domain\PrivateChat.Domain.csproj", "{4F67EC0F-AD89-5DE6-8D71-A6556EC66017}"
EndProject
Project("{9A19103F-16F7-4668-BE54-9A1E7A4F7556}") = "PrivateChat.Infrastructure", "Services\PrivateChatService\PrivateChat.Infrastructure\PrivateChat.Infrastructure.csproj", "{5B0FD432-7498-5CCB-B185-EA1146B0ACBA}"
EndProject
Project("{9A19103F-16F7-4668-BE54-9A1E7A4F7556}") = "Shared.Moderation", "Shared\Shared.Moderation\Shared.Moderation.csproj", "{11690666-2E27-5B12-A67E-201A8A96A2C9}"
EndProject
Project("{9A19103F-16F7-4668-BE54-9A1E7A4F7556}") = "ZapChat.Shared", "Shared\ZapChat.Shared\ZapChat.Shared.csproj", "{1C5AAF0B-0B9E-56F4-AF7E-522898159083}"
EndProject
Global
	GlobalSection(SolutionConfigurationPlatforms) = preSolution
		Debug|Any CPU = Debug|Any CPU
		Release|Any CPU = Release|Any CPU
	EndGlobalSection
	GlobalSection(ProjectConfigurationPlatforms) = postSolution
		{CA5D1085-AF82-5A66-B453-7BCA49DFF8FE}.Debug|Any CPU.ActiveCfg = Debug|Any CPU
		{CA5D1085-AF82-5A66-B453-7BCA49DFF8FE}.Debug|Any CPU.Build.0 = Debug|Any CPU
		{CA5D1085-AF82-5A66-B453-7BCA49DFF8FE}.Release|Any CPU.ActiveCfg = Release|Any CPU
		{CA5D1085-AF82-5A66-B453-7BCA49DFF8FE}.Release|Any CPU.Build.0 = Release|Any CPU
		{E1B1423D-8230-5D2B-B7DF-2B0BE330AEFD}.Debug|Any CPU.ActiveCfg = Debug|Any CPU
		{E1B1423D-8230-5D2B-B7DF-2B0BE330AEFD}.Debug|Any CPU.Build.0 = Debug|Any CPU
		{E1B1423D-8230-5D2B-B7DF-2B0BE330AEFD}.Release|Any CPU.ActiveCfg = Release|Any CPU
		{E1B1423D-8230-5D2B-B7DF-2B0BE330AEFD}.Release|Any CPU.Build.0 = Release|Any CPU
		{17DBED8F-7921-5CC2-B823-1497640693CB}.Debug|Any CPU.ActiveCfg = Debug|Any CPU
		{17DBED8F-7921-5CC2-B823-1497640693CB}.Debug|Any CPU.Build.0 = Debug|Any CPU
		{17DBED8F-7921-5CC2-B823-1497640693CB}.Release|Any CPU.ActiveCfg = Release|Any CPU
		{17DBED8F-7921-5CC2-B823-1497640693CB}.Release|Any CPU.Build.0 = Release|Any CPU
		{A0D51AD4-FF6D-50F4-AFDF-ED9FF9BA71F1}.Debug|Any CPU.ActiveCfg = Debug|Any CPU
		{A0D51AD4-FF6D-50F4-AFDF-ED9FF9BA71F1}.Debug|Any CPU.Build.0 = Debug|Any CPU
		{A0D51AD4-FF6D-50F4-AFDF-ED9FF9BA71F1}.Release|Any CPU.ActiveCfg = Release|Any CPU
		{A0D51AD4-FF6D-50F4-AFDF-ED9FF9BA71F1}.Release|Any CPU.Build.0 = Release|Any CPU
		{5E49BCA0-BE35-5416-85FD-23C43FA66ED6}.Debug|Any CPU.ActiveCfg = Debug|Any CPU
		{5E49BCA0-BE35-5416-85FD-23C43FA66ED6}.Debug|Any CPU.Build.0 = Debug|Any CPU
		{5E49BCA0-BE35-5416-85FD-23C43FA66ED6}.Release|Any CPU.ActiveCfg = Release|Any CPU
		{5E49BCA0-BE35-5416-85FD-23C43FA66ED6}.Release|Any CPU.Build.0 = Release|Any CPU
		{741D024C-B68A-52D7-AF59-97AC56CC712E}.Debug|Any CPU.ActiveCfg = Debug|Any CPU
		{741D024C-B68A-52D7-AF59-97AC56CC712E}.Debug|Any CPU.Build.0 = Debug|Any CPU
		{741D024C-B68A-52D7-AF59-97AC56CC712E}.Release|Any CPU.ActiveCfg = Release|Any CPU
		{741D024C-B68A-52D7-AF59-97AC56CC712E}.Release|Any CPU.Build.0 = Release|Any CPU
		{0E317DE5-1E83-53E9-B5FD-73E462E84003}.Debug|Any CPU.ActiveCfg = Debug|Any CPU
		{0E317DE5-1E83-53E9-B5FD-73E462E84003}.Debug|Any CPU.Build.0 = Debug|Any CPU
		{0E317DE5-1E83-53E9-B5FD-73E462E84003}.Release|Any CPU.ActiveCfg = Release|Any CPU
		{0E317DE5-1E83-53E9-B5FD-73E462E84003}.Release|Any CPU.Build.0 = Release|Any CPU
		{ABE80AFD-4917-5EB2-A7B2-F4613DFA78C6}.Debug|Any CPU.ActiveCfg = Debug|Any CPU
		{ABE80AFD-4917-5EB2-A7B2-F4613DFA78C6}.Debug|Any CPU.Build.0 = Debug|Any CPU
		{ABE80AFD-4917-5EB2-A7B2-F4613DFA78C6}.Release|Any CPU.ActiveCfg = Release|Any CPU
		{ABE80AFD-4917-5EB2-A7B2-F4613DFA78C6}.Release|Any CPU.Build.0 = Release|Any CPU
		{C9C26A95-435B-5E63-921C-C131213CCC44}.Debug|Any CPU.ActiveCfg = Debug|Any CPU
		{C9C26A95-435B-5E63-921C-C131213CCC44}.Debug|Any CPU.Build.0 = Debug|Any CPU
		{C9C26A95-435B-5E63-921C-C131213CCC44}.Release|Any CPU.ActiveCfg = Release|Any CPU
		{C9C26A95-435B-5E63-921C-C131213CCC44}.Release|Any CPU.Build.0 = Release|Any CPU
		{E2F93689-E123-547E-9AE4-17452D9EEBCF}.Debug|Any CPU.ActiveCfg = Debug|Any CPU
		{E2F93689-E123-547E-9AE4-17452D9EEBCF}.Debug|Any CPU.Build.0 = Debug|Any CPU
		{E2F93689-E123-547E-9AE4-17452D9EEBCF}.Release|Any CPU.ActiveCfg = Release|Any CPU
		{E2F93689-E123-547E-9AE4-17452D9EEBCF}.Release|Any CPU.Build.0 = Release|Any CPU
		{BC6BA4C4-8217-51ED-8282-D11FED78DC70}.Debug|Any CPU.ActiveCfg = Debug|Any CPU
		{BC6BA4C4-8217-51ED-8282-D11FED78DC70}.Debug|Any CPU.Build.0 = Debug|Any CPU
		{BC6BA4C4-8217-51ED-8282-D11FED78DC70}.Release|Any CPU.ActiveCfg = Release|Any CPU
		{BC6BA4C4-8217-51ED-8282-D11FED78DC70}.Release|Any CPU.Build.0 = Release|Any CPU
		{9CFEC011-1171-5F83-BFEA-6848245CC19F}.Debug|Any CPU.ActiveCfg = Debug|Any CPU
		{9CFEC011-1171-5F83-BFEA-6848245CC19F}.Debug|Any CPU.Build.0 = Debug|Any CPU
		{9CFEC011-1171-5F83-BFEA-6848245CC19F}.Release|Any CPU.ActiveCfg = Release|Any CPU
		{9CFEC011-1171-5F83-BFEA-6848245CC19F}.Release|Any CPU.Build.0 = Release|Any CPU
		{54944E81-D97F-5A40-AA48-55F5816F02E0}.Debug|Any CPU.ActiveCfg = Debug|Any CPU
		{54944E81-D97F-5A40-AA48-55F5816F02E0}.Debug|Any CPU.Build.0 = Debug|Any CPU
		{54944E81-D97F-5A40-AA48-55F5816F02E0}.Release|Any CPU.ActiveCfg = Release|Any CPU
		{54944E81-D97F-5A40-AA48-55F5816F02E0}.Release|Any CPU.Build.0 = Release|Any CPU
		{A9CF6DFB-80B4-50BD-835B-EEE296D7B647}.Debug|Any CPU.ActiveCfg = Debug|Any CPU
		{A9CF6DFB-80B4-50BD-835B-EEE296D7B647}.Debug|Any CPU.Build.0 = Debug|Any CPU
		{A9CF6DFB-80B4-50BD-835B-EEE296D7B647}.Release|Any CPU.ActiveCfg = Release|Any CPU
		{A9CF6DFB-80B4-50BD-835B-EEE296D7B647}.Release|Any CPU.Build.0 = Release|Any CPU
		{043D7326-F9C8-5364-A7C7-C3BB366362E6}.Debug|Any CPU.ActiveCfg = Debug|Any CPU
		{043D7326-F9C8-5364-A7C7-C3BB366362E6}.Debug|Any CPU.Build.0 = Debug|Any CPU
		{043D7326-F9C8-5364-A7C7-C3BB366362E6}.Release|Any CPU.ActiveCfg = Release|Any CPU
		{043D7326-F9C8-5364-A7C7-C3BB366362E6}.Release|Any CPU.Build.0 = Release|Any CPU
		{A212E9CC-7DD0-52CB-A29E-908BDD9ACDC3}.Debug|Any CPU.ActiveCfg = Debug|Any CPU
		{A212E9CC-7DD0-52CB-A29E-908BDD9ACDC3}.Debug|Any CPU.Build.0 = Debug|Any CPU
		{A212E9CC-7DD0-52CB-A29E-908BDD9ACDC3}.Release|Any CPU.ActiveCfg = Release|Any CPU
		{A212E9CC-7DD0-52CB-A29E-908BDD9ACDC3}.Release|Any CPU.Build.0 = Release|Any CPU
		{1E249F46-32D1-54A0-8B25-29A443AA1C33}.Debug|Any CPU.ActiveCfg = Debug|Any CPU
		{1E249F46-32D1-54A0-8B25-29A443AA1C33}.Debug|Any CPU.Build.0 = Debug|Any CPU
		{1E249F46-32D1-54A0-8B25-29A443AA1C33}.Release|Any CPU.ActiveCfg = Release|Any CPU
		{1E249F46-32D1-54A0-8B25-29A443AA1C33}.Release|Any CPU.Build.0 = Release|Any CPU
		{994E09F7-AF8C-5330-B3FB-63FF6879F595}.Debug|Any CPU.ActiveCfg = Debug|Any CPU
		{994E09F7-AF8C-5330-B3FB-63FF6879F595}.Debug|Any CPU.Build.0 = Debug|Any CPU
		{994E09F7-AF8C-5330-B3FB-63FF6879F595}.Release|Any CPU.ActiveCfg = Release|Any CPU
		{994E09F7-AF8C-5330-B3FB-63FF6879F595}.Release|Any CPU.Build.0 = Release|Any CPU
		{4EB9FE1C-1499-524C-B1D1-4D715E1427F1}.Debug|Any CPU.ActiveCfg = Debug|Any CPU
		{4EB9FE1C-1499-524C-B1D1-4D715E1427F1}.Debug|Any CPU.Build.0 = Debug|Any CPU
		{4EB9FE1C-1499-524C-B1D1-4D715E1427F1}.Release|Any CPU.ActiveCfg = Release|Any CPU
		{4EB9FE1C-1499-524C-B1D1-4D715E1427F1}.Release|Any CPU.Build.0 = Release|Any CPU
		{79719FC2-C6EC-5ABE-8A5E-5BEBDC2EF6DB}.Debug|Any CPU.ActiveCfg = Debug|Any CPU
		{79719FC2-C6EC-5ABE-8A5E-5BEBDC2EF6DB}.Debug|Any CPU.Build.0 = Debug|Any CPU
		{79719FC2-C6EC-5ABE-8A5E-5BEBDC2EF6DB}.Release|Any CPU.ActiveCfg = Release|Any CPU
		{79719FC2-C6EC-5ABE-8A5E-5BEBDC2EF6DB}.Release|Any CPU.Build.0 = Release|Any CPU
		{85336BB3-DBB8-5DB1-A213-BBD1427DA625}.Debug|Any CPU.ActiveCfg = Debug|Any CPU
		{85336BB3-DBB8-5DB1-A213-BBD1427DA625}.Debug|Any CPU.Build.0 = Debug|Any CPU
		{85336BB3-DBB8-5DB1-A213-BBD1427DA625}.Release|Any CPU.ActiveCfg = Release|Any CPU
		{85336BB3-DBB8-5DB1-A213-BBD1427DA625}.Release|Any CPU.Build.0 = Release|Any CPU
		{FE0405A9-40BE-50B5-9DFE-8C231249908F}.Debug|Any CPU.ActiveCfg = Debug|Any CPU
		{FE0405A9-40BE-50B5-9DFE-8C231249908F}.Debug|Any CPU.Build.0 = Debug|Any CPU
		{FE0405A9-40BE-50B5-9DFE-8C231249908F}.Release|Any CPU.ActiveCfg = Release|Any CPU
		{FE0405A9-40BE-50B5-9DFE-8C231249908F}.Release|Any CPU.Build.0 = Release|Any CPU
		{C1B1AD3B-AC59-5270-92D8-C6D57632E752}.Debug|Any CPU.ActiveCfg = Debug|Any CPU
		{C1B1AD3B-AC59-5270-92D8-C6D57632E752}.Debug|Any CPU.Build.0 = Debug|Any CPU
		{C1B1AD3B-AC59-5270-92D8-C6D57632E752}.Release|Any CPU.ActiveCfg = Release|Any CPU
		{C1B1AD3B-AC59-5270-92D8-C6D57632E752}.Release|Any CPU.Build.0 = Release|Any CPU
		{4F67EC0F-AD89-5DE6-8D71-A6556EC66017}.Debug|Any CPU.ActiveCfg = Debug|Any CPU
		{4F67EC0F-AD89-5DE6-8D71-A6556EC66017}.Debug|Any CPU.Build.0 = Debug|Any CPU
		{4F67EC0F-AD89-5DE6-8D71-A6556EC66017}.Release|Any CPU.ActiveCfg = Release|Any CPU
		{4F67EC0F-AD89-5DE6-8D71-A6556EC66017}.Release|Any CPU.Build.0 = Release|Any CPU
		{5B0FD432-7498-5CCB-B185-EA1146B0ACBA}.Debug|Any CPU.ActiveCfg = Debug|Any CPU
		{5B0FD432-7498-5CCB-B185-EA1146B0ACBA}.Debug|Any CPU.Build.0 = Debug|Any CPU
		{5B0FD432-7498-5CCB-B185-EA1146B0ACBA}.Release|Any CPU.ActiveCfg = Release|Any CPU
		{5B0FD432-7498-5CCB-B185-EA1146B0ACBA}.Release|Any CPU.Build.0 = Release|Any CPU
		{11690666-2E27-5B12-A67E-201A8A96A2C9}.Debug|Any CPU.ActiveCfg = Debug|Any CPU
		{11690666-2E27-5B12-A67E-201A8A96A2C9}.Debug|Any CPU.Build.0 = Debug|Any CPU
		{11690666-2E27-5B12-A67E-201A8A96A2C9}.Release|Any CPU.ActiveCfg = Release|Any CPU
		{11690666-2E27-5B12-A67E-201A8A96A2C9}.Release|Any CPU.Build.0 = Release|Any CPU
		{1C5AAF0B-0B9E-56F4-AF7E-522898159083}.Debug|Any CPU.ActiveCfg = Debug|Any CPU
		{1C5AAF0B-0B9E-56F4-AF7E-522898159083}.Debug|Any CPU.Build.0 = Debug|Any CPU
		{1C5AAF0B-0B9E-56F4-AF7E-522898159083}.Release|Any CPU.ActiveCfg = Release|Any CPU
		{1C5AAF0B-0B9E-56F4-AF7E-522898159083}.Release|Any CPU.Build.0 = Release|Any CPU
	EndGlobalSection
	GlobalSection(SolutionProperties) = preSolution
		HideSolutionNode = FALSE
	EndGlobalSection
	GlobalSection(NestedProjects) = preSolution
		{7A0A4CA4-49E6-5B5B-AE91-71A50F4A4CDB} = {1EC64550-75B2-5EB4-88E9-2CAAB9B5674C}
		{B91CE51D-EE50-596E-8886-4C4E529F5D36} = {1EC64550-75B2-5EB4-88E9-2CAAB9B5674C}
		{36D3C29A-E9C6-5DA4-B820-EE8E6D567504} = {1EC64550-75B2-5EB4-88E9-2CAAB9B5674C}
		{11A0DACD-2399-55BE-BDC1-3D6A807B82C5} = {1EC64550-75B2-5EB4-88E9-2CAAB9B5674C}
		{25F4AB63-BDFC-5A40-A913-DA7425C5B677} = {1EC64550-75B2-5EB4-88E9-2CAAB9B5674C}
		{21BDCF7E-B180-5EBF-8E84-9C077B744324} = {1EC64550-75B2-5EB4-88E9-2CAAB9B5674C}
		{CA5D1085-AF82-5A66-B453-7BCA49DFF8FE} = {73DB20E6-41D5-5098-BBBE-76FA7446245C}
		{E1B1423D-8230-5D2B-B7DF-2B0BE330AEFD} = {7A0A4CA4-49E6-5B5B-AE91-71A50F4A4CDB}
		{17DBED8F-7921-5CC2-B823-1497640693CB} = {7A0A4CA4-49E6-5B5B-AE91-71A50F4A4CDB}
		{A0D51AD4-FF6D-50F4-AFDF-ED9FF9BA71F1} = {7A0A4CA4-49E6-5B5B-AE91-71A50F4A4CDB}
		{5E49BCA0-BE35-5416-85FD-23C43FA66ED6} = {7A0A4CA4-49E6-5B5B-AE91-71A50F4A4CDB}
		{741D024C-B68A-52D7-AF59-97AC56CC712E} = {B91CE51D-EE50-596E-8886-4C4E529F5D36}
		{0E317DE5-1E83-53E9-B5FD-73E462E84003} = {B91CE51D-EE50-596E-8886-4C4E529F5D36}
		{ABE80AFD-4917-5EB2-A7B2-F4613DFA78C6} = {B91CE51D-EE50-596E-8886-4C4E529F5D36}
		{C9C26A95-435B-5E63-921C-C131213CCC44} = {B91CE51D-EE50-596E-8886-4C4E529F5D36}
		{E2F93689-E123-547E-9AE4-17452D9EEBCF} = {36D3C29A-E9C6-5DA4-B820-EE8E6D567504}
		{BC6BA4C4-8217-51ED-8282-D11FED78DC70} = {36D3C29A-E9C6-5DA4-B820-EE8E6D567504}
		{9CFEC011-1171-5F83-BFEA-6848245CC19F} = {36D3C29A-E9C6-5DA4-B820-EE8E6D567504}
		{54944E81-D97F-5A40-AA48-55F5816F02E0} = {36D3C29A-E9C6-5DA4-B820-EE8E6D567504}
		{A9CF6DFB-80B4-50BD-835B-EEE296D7B647} = {11A0DACD-2399-55BE-BDC1-3D6A807B82C5}
		{043D7326-F9C8-5364-A7C7-C3BB366362E6} = {11A0DACD-2399-55BE-BDC1-3D6A807B82C5}
		{A212E9CC-7DD0-52CB-A29E-908BDD9ACDC3} = {11A0DACD-2399-55BE-BDC1-3D6A807B82C5}
		{1E249F46-32D1-54A0-8B25-29A443AA1C33} = {11A0DACD-2399-55BE-BDC1-3D6A807B82C5}
		{994E09F7-AF8C-5330-B3FB-63FF6879F595} = {25F4AB63-BDFC-5A40-A913-DA7425C5B677}
		{4EB9FE1C-1499-524C-B1D1-4D715E1427F1} = {25F4AB63-BDFC-5A40-A913-DA7425C5B677}
		{79719FC2-C6EC-5ABE-8A5E-5BEBDC2EF6DB} = {25F4AB63-BDFC-5A40-A913-DA7425C5B677}
		{85336BB3-DBB8-5DB1-A213-BBD1427DA625} = {25F4AB63-BDFC-5A40-A913-DA7425C5B677}
		{FE0405A9-40BE-50B5-9DFE-8C231249908F} = {21BDCF7E-B180-5EBF-8E84-9C077B744324}
		{C1B1AD3B-AC59-5270-92D8-C6D57632E752} = {21BDCF7E-B180-5EBF-8E84-9C077B744324}
		{4F67EC0F-AD89-5DE6-8D71-A6556EC66017} = {21BDCF7E-B180-5EBF-8E84-9C077B744324}
		{5B0FD432-7498-5CCB-B185-EA1146B0ACBA} = {21BDCF7E-B180-5EBF-8E84-9C077B744324}
		{11690666-2E27-5B12-A67E-201A8A96A2C9} = {C94AEB80-F6B5-5EBD-AA61-6FCD4F92A075}
		{1C5AAF0B-0B9E-56F4-AF7E-522898159083} = {C94AEB80-F6B5-5EBD-AA61-6FCD4F92A075}
	EndGlobalSection
	GlobalSection(ExtensibilityGlobals) = postSolution
		SolutionGuid = {C0B5230A-4A54-5BB3-A0AB-6381E3BF8ECA}
	EndGlobalSection
EndGlobal
